
Microsoft Visual Studio Solution File, Format Version 11.00
# Visual Studio 2010
Project("{FAE04EC0-301F-11D3-BF4B-00C04F79EFBC}") = "GameJame2019", "Assembly-CSharp-firstpass.csproj", "{1CB079D8-9982-0F3D-9800-996099A2C0D4}"
EndProject
Project("{FAE04EC0-301F-11D3-BF4B-00C04F79EFBC}") = "GameJame2019", "Assembly-CSharp.csproj", "{4A3EBDEF-83E4-192B-31B5-9F58EDAA53BD}"
EndProject
Project("{FAE04EC0-301F-11D3-BF4B-00C04F79EFBC}") = "GameJame2019", "Assembly-CSharp-Editor.csproj", "{9FCBEE7B-A2A4-8211-5F0A-ADF814299C62}"
EndProject
Global
	GlobalSection(SolutionConfigurationPlatforms) = preSolution
		Debug|Any CPU = Debug|Any CPU
		Release|Any CPU = Release|Any CPU
	EndGlobalSection
	GlobalSection(ProjectConfigurationPlatforms) = postSolution
		{1CB079D8-9982-0F3D-9800-996099A2C0D4}.Debug|Any CPU.ActiveCfg = Debug|Any CPU
		{1CB079D8-9982-0F3D-9800-996099A2C0D4}.Debug|Any CPU.Build.0 = Debug|Any CPU
		{1CB079D8-9982-0F3D-9800-996099A2C0D4}.Release|Any CPU.ActiveCfg = Release|Any CPU
		{1CB079D8-9982-0F3D-9800-996099A2C0D4}.Release|Any CPU.Build.0 = Release|Any CPU
		{4A3EBDEF-83E4-192B-31B5-9F58EDAA53BD}.Debug|Any CPU.ActiveCfg = Debug|Any CPU
		{4A3EBDEF-83E4-192B-31B5-9F58EDAA53BD}.Debug|Any CPU.Build.0 = Debug|Any CPU
		{4A3EBDEF-83E4-192B-31B5-9F58EDAA53BD}.Release|Any CPU.ActiveCfg = Release|Any CPU
		{4A3EBDEF-83E4-192B-31B5-9F58EDAA53BD}.Release|Any CPU.Build.0 = Release|Any CPU
		{9FCBEE7B-A2A4-8211-5F0A-ADF814299C62}.Debug|Any CPU.ActiveCfg = Debug|Any CPU
		{9FCBEE7B-A2A4-8211-5F0A-ADF814299C62}.Debug|Any CPU.Build.0 = Debug|Any CPU
		{9FCBEE7B-A2A4-8211-5F0A-ADF814299C62}.Release|Any CPU.ActiveCfg = Release|Any CPU
		{9FCBEE7B-A2A4-8211-5F0A-ADF814299C62}.Release|Any CPU.Build.0 = Release|Any CPU
	EndGlobalSection
	GlobalSection(SolutionProperties) = preSolution
		HideSolutionNode = FALSE
	EndGlobalSection
	GlobalSection(MonoDevelopProperties) = preSolution
		StartupItem = Assembly-CSharp.csproj
	EndGlobalSection
EndGlobal
